// !$*UTF8*$!
{
	archiveVersion = 1;
	classes = {
	};
	objectVersion = 46;
	objects = {

/* Begin PBXBuildFile section */
		2204934214034FF3007CB4AB /* ChessTableView.m in Sources */ = {isa = PBXBuildFile; fileRef = 2204934114034FF3007CB4AB /* ChessTableView.m */; };
		22291E2013F51C7B00D9F91D /* UIKit.framework in Frameworks */ = {isa = PBXBuildFile; fileRef = 22291E1F13F51C7B00D9F91D /* UIKit.framework */; };
		22291E2213F51C7B00D9F91D /* Foundation.framework in Frameworks */ = {isa = PBXBuildFile; fileRef = 22291E2113F51C7B00D9F91D /* Foundation.framework */; };
		22291E2413F51C7B00D9F91D /* CoreGraphics.framework in Frameworks */ = {isa = PBXBuildFile; fileRef = 22291E2313F51C7B00D9F91D /* CoreGraphics.framework */; };
		22291E2A13F51C7B00D9F91D /* InfoPlist.strings in Resources */ = {isa = PBXBuildFile; fileRef = 22291E2813F51C7B00D9F91D /* InfoPlist.strings */; };
		22291E2C13F51C7B00D9F91D /* main.m in Sources */ = {isa = PBXBuildFile; fileRef = 22291E2B13F51C7B00D9F91D /* main.m */; };
		22291E3013F51C7B00D9F91D /* iChessTableAppDelegate.m in Sources */ = {isa = PBXBuildFile; fileRef = 22291E2F13F51C7B00D9F91D /* iChessTableAppDelegate.m */; };
		22291E3313F51C7B00D9F91D /* MainWindow.xib in Resources */ = {isa = PBXBuildFile; fileRef = 22291E3113F51C7B00D9F91D /* MainWindow.xib */; };
		22291E3613F51C7B00D9F91D /* iChessTableViewController.m in Sources */ = {isa = PBXBuildFile; fileRef = 22291E3513F51C7B00D9F91D /* iChessTableViewController.m */; };
		22291E3913F51C7B00D9F91D /* iChessTableViewController.xib in Resources */ = {isa = PBXBuildFile; fileRef = 22291E3713F51C7B00D9F91D /* iChessTableViewController.xib */; };
		22291E4113F51C7C00D9F91D /* SenTestingKit.framework in Frameworks */ = {isa = PBXBuildFile; fileRef = 22291E4013F51C7C00D9F91D /* SenTestingKit.framework */; };
		22291E4213F51C7C00D9F91D /* UIKit.framework in Frameworks */ = {isa = PBXBuildFile; fileRef = 22291E1F13F51C7B00D9F91D /* UIKit.framework */; };
		22291E4313F51C7C00D9F91D /* Foundation.framework in Frameworks */ = {isa = PBXBuildFile; fileRef = 22291E2113F51C7B00D9F91D /* Foundation.framework */; };
		22291E4413F51C7C00D9F91D /* CoreGraphics.framework in Frameworks */ = {isa = PBXBuildFile; fileRef = 22291E2313F51C7B00D9F91D /* CoreGraphics.framework */; };
		22291E4C13F51C7C00D9F91D /* InfoPlist.strings in Resources */ = {isa = PBXBuildFile; fileRef = 22291E4A13F51C7C00D9F91D /* InfoPlist.strings */; };
		22291E4E13F51C7C00D9F91D /* iChessTableTests.h in Resources */ = {isa = PBXBuildFile; fileRef = 22291E4D13F51C7C00D9F91D /* iChessTableTests.h */; };
		22291E5013F51C7C00D9F91D /* iChessTableTests.m in Sources */ = {isa = PBXBuildFile; fileRef = 22291E4F13F51C7C00D9F91D /* iChessTableTests.m */; };
		22291E5D13F5211300D9F91D /* ChessGameController.m in Sources */ = {isa = PBXBuildFile; fileRef = 22291E5C13F5211200D9F91D /* ChessGameController.m */; };
		22291E6013F5212800D9F91D /* ChessJudge.m in Sources */ = {isa = PBXBuildFile; fileRef = 22291E5F13F5212800D9F91D /* ChessJudge.m */; };
		22291E6313F5214100D9F91D /* ChessTable.m in Sources */ = {isa = PBXBuildFile; fileRef = 22291E6213F5214100D9F91D /* ChessTable.m */; };
		22291E6613F5216000D9F91D /* ChessPiece.m in Sources */ = {isa = PBXBuildFile; fileRef = 22291E6513F5216000D9F91D /* ChessPiece.m */; };
		22291E6913F5217600D9F91D /* Chess.m in Sources */ = {isa = PBXBuildFile; fileRef = 22291E6813F5217600D9F91D /* Chess.m */; };
		22291E6C13F5218D00D9F91D /* ChessStep.m in Sources */ = {isa = PBXBuildFile; fileRef = 22291E6B13F5218C00D9F91D /* ChessStep.m */; };
		22291E6F13F521A600D9F91D /* ChessMatrix.m in Sources */ = {isa = PBXBuildFile; fileRef = 22291E6E13F521A600D9F91D /* ChessMatrix.m */; };
		22291E7213F521BF00D9F91D /* ChessPlayer.m in Sources */ = {isa = PBXBuildFile; fileRef = 22291E7113F521BE00D9F91D /* ChessPlayer.m */; };
		22291E7813F52C0A00D9F91D /* NSString+ChessColor.m in Sources */ = {isa = PBXBuildFile; fileRef = 22291E7713F52C0A00D9F91D /* NSString+ChessColor.m */; };
		2247504113FE0EFB0043E1F4 /* NSArray+ChessHelper.m in Sources */ = {isa = PBXBuildFile; fileRef = 2247504013FE0EFA0043E1F4 /* NSArray+ChessHelper.m */; };
		2247504A13FE57750043E1F4 /* ChessViewController.m in Sources */ = {isa = PBXBuildFile; fileRef = 2247504813FE57750043E1F4 /* ChessViewController.m */; };
		2247504B13FE57750043E1F4 /* ChessViewController.xib in Resources */ = {isa = PBXBuildFile; fileRef = 2247504913FE57750043E1F4 /* ChessViewController.xib */; };
		2247504E13FE5DF80043E1F4 /* ChessPieceView.m in Sources */ = {isa = PBXBuildFile; fileRef = 2247504D13FE5DF80043E1F4 /* ChessPieceView.m */; };
		224B6F7B14024FFD0042FDC3 /* GameViewController.m in Sources */ = {isa = PBXBuildFile; fileRef = 224B6F7914024FFC0042FDC3 /* GameViewController.m */; };
		224B6F7C14024FFD0042FDC3 /* GameViewController.xib in Resources */ = {isa = PBXBuildFile; fileRef = 224B6F7A14024FFC0042FDC3 /* GameViewController.xib */; };
		224B6F83140250A10042FDC3 /* PlayerControlPanelView.m in Sources */ = {isa = PBXBuildFile; fileRef = 224B6F82140250A00042FDC3 /* PlayerControlPanelView.m */; };
		224B6F88140294C70042FDC3 /* ChessTableViewController.m in Sources */ = {isa = PBXBuildFile; fileRef = 224B6F86140294C60042FDC3 /* ChessTableViewController.m */; };
		224B6F89140294C70042FDC3 /* ChessTableViewController.xib in Resources */ = {isa = PBXBuildFile; fileRef = 224B6F87140294C70042FDC3 /* ChessTableViewController.xib */; };
		2282D96413F539BE008CA309 /* Othello.plist in Resources */ = {isa = PBXBuildFile; fileRef = 2282D96313F539BE008CA309 /* Othello.plist */; };
		2282D96A13F53EF1008CA309 /* ChessTemplate.plist in Resources */ = {isa = PBXBuildFile; fileRef = 2282D96913F53EF0008CA309 /* ChessTemplate.plist */; };
		2282D96F13F56FE3008CA309 /* OthelloRules.m in Sources */ = {isa = PBXBuildFile; fileRef = 2282D96E13F56FE3008CA309 /* OthelloRules.m */; };
/* End PBXBuildFile section */

/* Begin PBXContainerItemProxy section */
		22291E4513F51C7C00D9F91D /* PBXContainerItemProxy */ = {
			isa = PBXContainerItemProxy;
			containerPortal = 22291E1213F51C7B00D9F91D /* Project object */;
			proxyType = 1;
			remoteGlobalIDString = 22291E1A13F51C7B00D9F91D;
			remoteInfo = iChessTable;
		};
/* End PBXContainerItemProxy section */

/* Begin PBXFileReference section */
		2204934014034FF3007CB4AB /* ChessTableView.h */ = {isa = PBXFileReference; fileEncoding = 4; lastKnownFileType = sourcecode.c.h; path = ChessTableView.h; sourceTree = "<group>"; };
		2204934114034FF3007CB4AB /* ChessTableView.m */ = {isa = PBXFileReference; fileEncoding = 4; lastKnownFileType = sourcecode.c.objc; path = ChessTableView.m; sourceTree = "<group>"; };
		220493481404AB4C007CB4AB /* ChessViewControllerDelegate.h */ = {isa = PBXFileReference; fileEncoding = 4; lastKnownFileType = sourcecode.c.h; path = ChessViewControllerDelegate.h; sourceTree = "<group>"; };
		22291E1B13F51C7B00D9F91D /* iChessTable.app */ = {isa = PBXFileReference; explicitFileType = wrapper.application; includeInIndex = 0; path = iChessTable.app; sourceTree = BUILT_PRODUCTS_DIR; };
		22291E1F13F51C7B00D9F91D /* UIKit.framework */ = {isa = PBXFileReference; lastKnownFileType = wrapper.framework; name = UIKit.framework; path = System/Library/Frameworks/UIKit.framework; sourceTree = SDKROOT; };
		22291E2113F51C7B00D9F91D /* Foundation.framework */ = {isa = PBXFileReference; lastKnownFileType = wrapper.framework; name = Foundation.framework; path = System/Library/Frameworks/Foundation.framework; sourceTree = SDKROOT; };
		22291E2313F51C7B00D9F91D /* CoreGraphics.framework */ = {isa = PBXFileReference; lastKnownFileType = wrapper.framework; name = CoreGraphics.framework; path = System/Library/Frameworks/CoreGraphics.framework; sourceTree = SDKROOT; };
		22291E2713F51C7B00D9F91D /* iChessTable-Info.plist */ = {isa = PBXFileReference; lastKnownFileType = text.plist.xml; path = "iChessTable-Info.plist"; sourceTree = "<group>"; };
		22291E2913F51C7B00D9F91D /* en */ = {isa = PBXFileReference; lastKnownFileType = text.plist.strings; name = en; path = en.lproj/InfoPlist.strings; sourceTree = "<group>"; };
		22291E2B13F51C7B00D9F91D /* main.m */ = {isa = PBXFileReference; lastKnownFileType = sourcecode.c.objc; path = main.m; sourceTree = "<group>"; };
		22291E2D13F51C7B00D9F91D /* iChessTable-Prefix.pch */ = {isa = PBXFileReference; lastKnownFileType = sourcecode.c.h; path = "iChessTable-Prefix.pch"; sourceTree = "<group>"; };
		22291E2E13F51C7B00D9F91D /* iChessTableAppDelegate.h */ = {isa = PBXFileReference; lastKnownFileType = sourcecode.c.h; path = iChessTableAppDelegate.h; sourceTree = "<group>"; };
		22291E2F13F51C7B00D9F91D /* iChessTableAppDelegate.m */ = {isa = PBXFileReference; lastKnownFileType = sourcecode.c.objc; path = iChessTableAppDelegate.m; sourceTree = "<group>"; };
		22291E3213F51C7B00D9F91D /* en */ = {isa = PBXFileReference; lastKnownFileType = file.xib; name = en; path = en.lproj/MainWindow.xib; sourceTree = "<group>"; };
		22291E3413F51C7B00D9F91D /* iChessTableViewController.h */ = {isa = PBXFileReference; lastKnownFileType = sourcecode.c.h; path = iChessTableViewController.h; sourceTree = "<group>"; };
		22291E3513F51C7B00D9F91D /* iChessTableViewController.m */ = {isa = PBXFileReference; lastKnownFileType = sourcecode.c.objc; path = iChessTableViewController.m; sourceTree = "<group>"; };
		22291E3813F51C7B00D9F91D /* en */ = {isa = PBXFileReference; lastKnownFileType = file.xib; name = en; path = en.lproj/iChessTableViewController.xib; sourceTree = "<group>"; };
		22291E3F13F51C7C00D9F91D /* iChessTableTests.octest */ = {isa = PBXFileReference; explicitFileType = wrapper.cfbundle; includeInIndex = 0; path = iChessTableTests.octest; sourceTree = BUILT_PRODUCTS_DIR; };
		22291E4013F51C7C00D9F91D /* SenTestingKit.framework */ = {isa = PBXFileReference; lastKnownFileType = wrapper.framework; name = SenTestingKit.framework; path = Library/Frameworks/SenTestingKit.framework; sourceTree = DEVELOPER_DIR; };
		22291E4913F51C7C00D9F91D /* iChessTableTests-Info.plist */ = {isa = PBXFileReference; lastKnownFileType = text.plist.xml; path = "iChessTableTests-Info.plist"; sourceTree = "<group>"; };
		22291E4B13F51C7C00D9F91D /* en */ = {isa = PBXFileReference; lastKnownFileType = text.plist.strings; name = en; path = en.lproj/InfoPlist.strings; sourceTree = "<group>"; };
		22291E4D13F51C7C00D9F91D /* iChessTableTests.h */ = {isa = PBXFileReference; lastKnownFileType = sourcecode.c.h; path = iChessTableTests.h; sourceTree = "<group>"; };
		22291E4F13F51C7C00D9F91D /* iChessTableTests.m */ = {isa = PBXFileReference; lastKnownFileType = sourcecode.c.objc; path = iChessTableTests.m; sourceTree = "<group>"; };
		22291E5A13F51F2B00D9F91D /* ChessRules.h */ = {isa = PBXFileReference; fileEncoding = 4; lastKnownFileType = sourcecode.c.h; path = ChessRules.h; sourceTree = "<group>"; };
		22291E5B13F5211200D9F91D /* ChessGameController.h */ = {isa = PBXFileReference; fileEncoding = 4; lastKnownFileType = sourcecode.c.h; path = ChessGameController.h; sourceTree = "<group>"; };
		22291E5C13F5211200D9F91D /* ChessGameController.m */ = {isa = PBXFileReference; fileEncoding = 4; lastKnownFileType = sourcecode.c.objc; path = ChessGameController.m; sourceTree = "<group>"; };
		22291E5E13F5212800D9F91D /* ChessJudge.h */ = {isa = PBXFileReference; fileEncoding = 4; lastKnownFileType = sourcecode.c.h; path = ChessJudge.h; sourceTree = "<group>"; };
		22291E5F13F5212800D9F91D /* ChessJudge.m */ = {isa = PBXFileReference; fileEncoding = 4; lastKnownFileType = sourcecode.c.objc; path = ChessJudge.m; sourceTree = "<group>"; };
		22291E6113F5214100D9F91D /* ChessTable.h */ = {isa = PBXFileReference; fileEncoding = 4; lastKnownFileType = sourcecode.c.h; path = ChessTable.h; sourceTree = "<group>"; };
		22291E6213F5214100D9F91D /* ChessTable.m */ = {isa = PBXFileReference; fileEncoding = 4; lastKnownFileType = sourcecode.c.objc; path = ChessTable.m; sourceTree = "<group>"; };
		22291E6413F5216000D9F91D /* ChessPiece.h */ = {isa = PBXFileReference; fileEncoding = 4; lastKnownFileType = sourcecode.c.h; path = ChessPiece.h; sourceTree = "<group>"; };
		22291E6513F5216000D9F91D /* ChessPiece.m */ = {isa = PBXFileReference; fileEncoding = 4; lastKnownFileType = sourcecode.c.objc; path = ChessPiece.m; sourceTree = "<group>"; };
		22291E6713F5217600D9F91D /* Chess.h */ = {isa = PBXFileReference; fileEncoding = 4; lastKnownFileType = sourcecode.c.h; path = Chess.h; sourceTree = "<group>"; };
		22291E6813F5217600D9F91D /* Chess.m */ = {isa = PBXFileReference; fileEncoding = 4; lastKnownFileType = sourcecode.c.objc; path = Chess.m; sourceTree = "<group>"; };
		22291E6A13F5218C00D9F91D /* ChessStep.h */ = {isa = PBXFileReference; fileEncoding = 4; lastKnownFileType = sourcecode.c.h; path = ChessStep.h; sourceTree = "<group>"; };
		22291E6B13F5218C00D9F91D /* ChessStep.m */ = {isa = PBXFileReference; fileEncoding = 4; lastKnownFileType = sourcecode.c.objc; path = ChessStep.m; sourceTree = "<group>"; };
		22291E6D13F521A500D9F91D /* ChessMatrix.h */ = {isa = PBXFileReference; fileEncoding = 4; lastKnownFileType = sourcecode.c.h; path = ChessMatrix.h; sourceTree = "<group>"; };
		22291E6E13F521A600D9F91D /* ChessMatrix.m */ = {isa = PBXFileReference; fileEncoding = 4; lastKnownFileType = sourcecode.c.objc; path = ChessMatrix.m; sourceTree = "<group>"; };
		22291E7013F521BE00D9F91D /* ChessPlayer.h */ = {isa = PBXFileReference; fileEncoding = 4; lastKnownFileType = sourcecode.c.h; path = ChessPlayer.h; sourceTree = "<group>"; };
		22291E7113F521BE00D9F91D /* ChessPlayer.m */ = {isa = PBXFileReference; fileEncoding = 4; lastKnownFileType = sourcecode.c.objc; path = ChessPlayer.m; sourceTree = "<group>"; };
		22291E7613F52C0A00D9F91D /* NSString+ChessColor.h */ = {isa = PBXFileReference; fileEncoding = 4; lastKnownFileType = sourcecode.c.h; path = "NSString+ChessColor.h"; sourceTree = "<group>"; };
		22291E7713F52C0A00D9F91D /* NSString+ChessColor.m */ = {isa = PBXFileReference; fileEncoding = 4; lastKnownFileType = sourcecode.c.objc; path = "NSString+ChessColor.m"; sourceTree = "<group>"; };
		2247503F13FE0EFA0043E1F4 /* NSArray+ChessHelper.h */ = {isa = PBXFileReference; fileEncoding = 4; lastKnownFileType = sourcecode.c.h; path = "NSArray+ChessHelper.h"; sourceTree = "<group>"; };
		2247504013FE0EFA0043E1F4 /* NSArray+ChessHelper.m */ = {isa = PBXFileReference; fileEncoding = 4; lastKnownFileType = sourcecode.c.objc; path = "NSArray+ChessHelper.m"; sourceTree = "<group>"; };
		2247504713FE57750043E1F4 /* ChessViewController.h */ = {isa = PBXFileReference; fileEncoding = 4; lastKnownFileType = sourcecode.c.h; path = ChessViewController.h; sourceTree = "<group>"; };
		2247504813FE57750043E1F4 /* ChessViewController.m */ = {isa = PBXFileReference; fileEncoding = 4; lastKnownFileType = sourcecode.c.objc; path = ChessViewController.m; sourceTree = "<group>"; };
		2247504913FE57750043E1F4 /* ChessViewController.xib */ = {isa = PBXFileReference; fileEncoding = 4; lastKnownFileType = file.xib; path = ChessViewController.xib; sourceTree = "<group>"; };
		2247504C13FE5DF80043E1F4 /* ChessPieceView.h */ = {isa = PBXFileReference; fileEncoding = 4; lastKnownFileType = sourcecode.c.h; path = ChessPieceView.h; sourceTree = "<group>"; };
		2247504D13FE5DF80043E1F4 /* ChessPieceView.m */ = {isa = PBXFileReference; fileEncoding = 4; lastKnownFileType = sourcecode.c.objc; path = ChessPieceView.m; sourceTree = "<group>"; };
		2247505013FEB77A0043E1F4 /* ChessNotifications.h */ = {isa = PBXFileReference; fileEncoding = 4; lastKnownFileType = sourcecode.c.h; path = ChessNotifications.h; sourceTree = "<group>"; };
		224B6F7814024FFC0042FDC3 /* GameViewController.h */ = {isa = PBXFileReference; fileEncoding = 4; lastKnownFileType = sourcecode.c.h; path = GameViewController.h; sourceTree = "<group>"; };
		224B6F7914024FFC0042FDC3 /* GameViewController.m */ = {isa = PBXFileReference; fileEncoding = 4; lastKnownFileType = sourcecode.c.objc; path = GameViewController.m; sourceTree = "<group>"; };
		224B6F7A14024FFC0042FDC3 /* GameViewController.xib */ = {isa = PBXFileReference; fileEncoding = 4; lastKnownFileType = file.xib; path = GameViewController.xib; sourceTree = "<group>"; };
		224B6F81140250A00042FDC3 /* PlayerControlPanelView.h */ = {isa = PBXFileReference; fileEncoding = 4; lastKnownFileType = sourcecode.c.h; path = PlayerControlPanelView.h; sourceTree = "<group>"; };
		224B6F82140250A00042FDC3 /* PlayerControlPanelView.m */ = {isa = PBXFileReference; fileEncoding = 4; lastKnownFileType = sourcecode.c.objc; path = PlayerControlPanelView.m; sourceTree = "<group>"; };
		224B6F84140251570042FDC3 /* ChessGamePredefine.h */ = {isa = PBXFileReference; fileEncoding = 4; lastKnownFileType = sourcecode.c.h; path = ChessGamePredefine.h; sourceTree = "<group>"; };
		224B6F85140294C60042FDC3 /* ChessTableViewController.h */ = {isa = PBXFileReference; fileEncoding = 4; lastKnownFileType = sourcecode.c.h; path = ChessTableViewController.h; sourceTree = "<group>"; };
		224B6F86140294C60042FDC3 /* ChessTableViewController.m */ = {isa = PBXFileReference; fileEncoding = 4; lastKnownFileType = sourcecode.c.objc; path = ChessTableViewController.m; sourceTree = "<group>"; };
		224B6F87140294C70042FDC3 /* ChessTableViewController.xib */ = {isa = PBXFileReference; fileEncoding = 4; lastKnownFileType = file.xib; path = ChessTableViewController.xib; sourceTree = "<group>"; };
		2282D96313F539BE008CA309 /* Othello.plist */ = {isa = PBXFileReference; fileEncoding = 4; lastKnownFileType = text.plist.xml; path = Othello.plist; sourceTree = "<group>"; };
		2282D96913F53EF0008CA309 /* ChessTemplate.plist */ = {isa = PBXFileReference; fileEncoding = 4; lastKnownFileType = text.plist.xml; path = ChessTemplate.plist; sourceTree = "<group>"; };
		2282D96D13F56FE3008CA309 /* OthelloRules.h */ = {isa = PBXFileReference; fileEncoding = 4; lastKnownFileType = sourcecode.c.h; path = OthelloRules.h; sourceTree = "<group>"; };
		2282D96E13F56FE3008CA309 /* OthelloRules.m */ = {isa = PBXFileReference; fileEncoding = 4; lastKnownFileType = sourcecode.c.objc; path = OthelloRules.m; sourceTree = "<group>"; };
/* End PBXFileReference section */

/* Begin PBXFrameworksBuildPhase section */
		22291E1813F51C7B00D9F91D /* Frameworks */ = {
			isa = PBXFrameworksBuildPhase;
			buildActionMask = 2147483647;
			files = (
				22291E2013F51C7B00D9F91D /* UIKit.framework in Frameworks */,
				22291E2213F51C7B00D9F91D /* Foundation.framework in Frameworks */,
				22291E2413F51C7B00D9F91D /* CoreGraphics.framework in Frameworks */,
			);
			runOnlyForDeploymentPostprocessing = 0;
		};
		22291E3B13F51C7C00D9F91D /* Frameworks */ = {
			isa = PBXFrameworksBuildPhase;
			buildActionMask = 2147483647;
			files = (
				22291E4113F51C7C00D9F91D /* SenTestingKit.framework in Frameworks */,
				22291E4213F51C7C00D9F91D /* UIKit.framework in Frameworks */,
				22291E4313F51C7C00D9F91D /* Foundation.framework in Frameworks */,
				22291E4413F51C7C00D9F91D /* CoreGraphics.framework in Frameworks */,
			);
			runOnlyForDeploymentPostprocessing = 0;
		};
/* End PBXFrameworksBuildPhase section */

/* Begin PBXGroup section */
		22291E1013F51C7B00D9F91D = {
			isa = PBXGroup;
			children = (
				22291E2513F51C7B00D9F91D /* iChessTable */,
				22291E4713F51C7C00D9F91D /* iChessTableTests */,
				22291E1E13F51C7B00D9F91D /* Frameworks */,
				22291E1C13F51C7B00D9F91D /* Products */,
			);
			sourceTree = "<group>";
		};
		22291E1C13F51C7B00D9F91D /* Products */ = {
			isa = PBXGroup;
			children = (
				22291E1B13F51C7B00D9F91D /* iChessTable.app */,
				22291E3F13F51C7C00D9F91D /* iChessTableTests.octest */,
			);
			name = Products;
			sourceTree = "<group>";
		};
		22291E1E13F51C7B00D9F91D /* Frameworks */ = {
			isa = PBXGroup;
			children = (
				22291E1F13F51C7B00D9F91D /* UIKit.framework */,
				22291E2113F51C7B00D9F91D /* Foundation.framework */,
				22291E2313F51C7B00D9F91D /* CoreGraphics.framework */,
				22291E4013F51C7C00D9F91D /* SenTestingKit.framework */,
			);
			name = Frameworks;
			sourceTree = "<group>";
		};
		22291E2513F51C7B00D9F91D /* iChessTable */ = {
			isa = PBXGroup;
			children = (
				2247504F13FEB7550043E1F4 /* Common */,
				2247504313FE573B0043E1F4 /* View+Controller */,
				22291E5913F51E8600D9F91D /* Model */,
				22291E2E13F51C7B00D9F91D /* iChessTableAppDelegate.h */,
				22291E2F13F51C7B00D9F91D /* iChessTableAppDelegate.m */,
				22291E3113F51C7B00D9F91D /* MainWindow.xib */,
				22291E3413F51C7B00D9F91D /* iChessTableViewController.h */,
				22291E3513F51C7B00D9F91D /* iChessTableViewController.m */,
				22291E3713F51C7B00D9F91D /* iChessTableViewController.xib */,
				22291E2613F51C7B00D9F91D /* Supporting Files */,
			);
			path = iChessTable;
			sourceTree = "<group>";
		};
		22291E2613F51C7B00D9F91D /* Supporting Files */ = {
			isa = PBXGroup;
			children = (
				22291E2713F51C7B00D9F91D /* iChessTable-Info.plist */,
				22291E2813F51C7B00D9F91D /* InfoPlist.strings */,
				22291E2B13F51C7B00D9F91D /* main.m */,
				22291E2D13F51C7B00D9F91D /* iChessTable-Prefix.pch */,
			);
			name = "Supporting Files";
			sourceTree = "<group>";
		};
		22291E4713F51C7C00D9F91D /* iChessTableTests */ = {
			isa = PBXGroup;
			children = (
				22291E4D13F51C7C00D9F91D /* iChessTableTests.h */,
				22291E4F13F51C7C00D9F91D /* iChessTableTests.m */,
				22291E4813F51C7C00D9F91D /* Supporting Files */,
			);
			path = iChessTableTests;
			sourceTree = "<group>";
		};
		22291E4813F51C7C00D9F91D /* Supporting Files */ = {
			isa = PBXGroup;
			children = (
				22291E4913F51C7C00D9F91D /* iChessTableTests-Info.plist */,
				22291E4A13F51C7C00D9F91D /* InfoPlist.strings */,
			);
			name = "Supporting Files";
			sourceTree = "<group>";
		};
		22291E5913F51E8600D9F91D /* Model */ = {
			isa = PBXGroup;
			children = (
				2282D95F13F5387A008CA309 /* ChessBundle */,
				2247503F13FE0EFA0043E1F4 /* NSArray+ChessHelper.h */,
				2247504013FE0EFA0043E1F4 /* NSArray+ChessHelper.m */,
				22291E7613F52C0A00D9F91D /* NSString+ChessColor.h */,
				22291E7713F52C0A00D9F91D /* NSString+ChessColor.m */,
				22291E5A13F51F2B00D9F91D /* ChessRules.h */,
				22291E5B13F5211200D9F91D /* ChessGameController.h */,
				22291E5C13F5211200D9F91D /* ChessGameController.m */,
				22291E5E13F5212800D9F91D /* ChessJudge.h */,
				22291E5F13F5212800D9F91D /* ChessJudge.m */,
				22291E6113F5214100D9F91D /* ChessTable.h */,
				22291E6213F5214100D9F91D /* ChessTable.m */,
				22291E6413F5216000D9F91D /* ChessPiece.h */,
				22291E6513F5216000D9F91D /* ChessPiece.m */,
				22291E6713F5217600D9F91D /* Chess.h */,
				22291E6813F5217600D9F91D /* Chess.m */,
				22291E6A13F5218C00D9F91D /* ChessStep.h */,
				22291E6B13F5218C00D9F91D /* ChessStep.m */,
				22291E6D13F521A500D9F91D /* ChessMatrix.h */,
				22291E6E13F521A600D9F91D /* ChessMatrix.m */,
				22291E7013F521BE00D9F91D /* ChessPlayer.h */,
				22291E7113F521BE00D9F91D /* ChessPlayer.m */,
			);
			name = Model;
			sourceTree = "<group>";
		};
		2247504313FE573B0043E1F4 /* View+Controller */ = {
			isa = PBXGroup;
			children = (
				2247504713FE57750043E1F4 /* ChessViewController.h */,
				2247504813FE57750043E1F4 /* ChessViewController.m */,
				2247504913FE57750043E1F4 /* ChessViewController.xib */,
				2247504C13FE5DF80043E1F4 /* ChessPieceView.h */,
				2247504D13FE5DF80043E1F4 /* ChessPieceView.m */,
				2204934014034FF3007CB4AB /* ChessTableView.h */,
				2204934114034FF3007CB4AB /* ChessTableView.m */,
				224B6F7814024FFC0042FDC3 /* GameViewController.h */,
				224B6F7914024FFC0042FDC3 /* GameViewController.m */,
				224B6F7A14024FFC0042FDC3 /* GameViewController.xib */,
				224B6F85140294C60042FDC3 /* ChessTableViewController.h */,
				224B6F86140294C60042FDC3 /* ChessTableViewController.m */,
				224B6F81140250A00042FDC3 /* PlayerControlPanelView.h */,
				224B6F82140250A00042FDC3 /* PlayerControlPanelView.m */,
				224B6F87140294C70042FDC3 /* ChessTableViewController.xib */,
				220493481404AB4C007CB4AB /* ChessViewControllerDelegate.h */,
			);
			name = "View+Controller";
			sourceTree = "<group>";
		};
		2247504F13FEB7550043E1F4 /* Common */ = {
			isa = PBXGroup;
			children = (
				2247505013FEB77A0043E1F4 /* ChessNotifications.h */,
				224B6F84140251570042FDC3 /* ChessGamePredefine.h */,
			);
			name = Common;
			sourceTree = "<group>";
		};
		2282D95F13F5387A008CA309 /* ChessBundle */ = {
			isa = PBXGroup;
			children = (
				2282D96B13F56F25008CA309 /* Othello */,
				2282D96913F53EF0008CA309 /* ChessTemplate.plist */,
			);
			name = ChessBundle;
			sourceTree = "<group>";
		};
		2282D96B13F56F25008CA309 /* Othello */ = {
			isa = PBXGroup;
			children = (
				2282D96C13F56F44008CA309 /* piecesImages */,
				2282D96313F539BE008CA309 /* Othello.plist */,
				2282D96D13F56FE3008CA309 /* OthelloRules.h */,
				2282D96E13F56FE3008CA309 /* OthelloRules.m */,
			);
			name = Othello;
			sourceTree = "<group>";
		};
		2282D96C13F56F44008CA309 /* piecesImages */ = {
			isa = PBXGroup;
			children = (
			);
			name = piecesImages;
			sourceTree = "<group>";
		};
/* End PBXGroup section */

/* Begin PBXNativeTarget section */
		22291E1A13F51C7B00D9F91D /* iChessTable */ = {
			isa = PBXNativeTarget;
			buildConfigurationList = 22291E5313F51C7C00D9F91D /* Build configuration list for PBXNativeTarget "iChessTable" */;
			buildPhases = (
				22291E1713F51C7B00D9F91D /* Sources */,
				22291E1813F51C7B00D9F91D /* Frameworks */,
				22291E1913F51C7B00D9F91D /* Resources */,
			);
			buildRules = (
			);
			dependencies = (
			);
			name = iChessTable;
			productName = iChessTable;
			productReference = 22291E1B13F51C7B00D9F91D /* iChessTable.app */;
			productType = "com.apple.product-type.application";
		};
		22291E3E13F51C7C00D9F91D /* iChessTableTests */ = {
			isa = PBXNativeTarget;
			buildConfigurationList = 22291E5613F51C7C00D9F91D /* Build configuration list for PBXNativeTarget "iChessTableTests" */;
			buildPhases = (
				22291E3A13F51C7C00D9F91D /* Sources */,
				22291E3B13F51C7C00D9F91D /* Frameworks */,
				22291E3C13F51C7C00D9F91D /* Resources */,
				22291E3D13F51C7C00D9F91D /* ShellScript */,
			);
			buildRules = (
			);
			dependencies = (
				22291E4613F51C7C00D9F91D /* PBXTargetDependency */,
			);
			name = iChessTableTests;
			productName = iChessTableTests;
			productReference = 22291E3F13F51C7C00D9F91D /* iChessTableTests.octest */;
			productType = "com.apple.product-type.bundle";
		};
/* End PBXNativeTarget section */

/* Begin PBXProject section */
		22291E1213F51C7B00D9F91D /* Project object */ = {
			isa = PBXProject;
			buildConfigurationList = 22291E1513F51C7B00D9F91D /* Build configuration list for PBXProject "iChessTable" */;
			compatibilityVersion = "Xcode 3.2";
			developmentRegion = English;
			hasScannedForEncodings = 0;
			knownRegions = (
				en,
			);
			mainGroup = 22291E1013F51C7B00D9F91D;
			productRefGroup = 22291E1C13F51C7B00D9F91D /* Products */;
			projectDirPath = "";
			projectRoot = "";
			targets = (
				22291E1A13F51C7B00D9F91D /* iChessTable */,
				22291E3E13F51C7C00D9F91D /* iChessTableTests */,
			);
		};
/* End PBXProject section */

/* Begin PBXResourcesBuildPhase section */
		22291E1913F51C7B00D9F91D /* Resources */ = {
			isa = PBXResourcesBuildPhase;
			buildActionMask = 2147483647;
			files = (
				22291E2A13F51C7B00D9F91D /* InfoPlist.strings in Resources */,
				22291E3313F51C7B00D9F91D /* MainWindow.xib in Resources */,
				22291E3913F51C7B00D9F91D /* iChessTableViewController.xib in Resources */,
				2282D96413F539BE008CA309 /* Othello.plist in Resources */,
				2282D96A13F53EF1008CA309 /* ChessTemplate.plist in Resources */,
				2247504B13FE57750043E1F4 /* ChessViewController.xib in Resources */,
				224B6F7C14024FFD0042FDC3 /* GameViewController.xib in Resources */,
				224B6F89140294C70042FDC3 /* ChessTableViewController.xib in Resources */,
			);
			runOnlyForDeploymentPostprocessing = 0;
		};
		22291E3C13F51C7C00D9F91D /* Resources */ = {
			isa = PBXResourcesBuildPhase;
			buildActionMask = 2147483647;
			files = (
				22291E4C13F51C7C00D9F91D /* InfoPlist.strings in Resources */,
				22291E4E13F51C7C00D9F91D /* iChessTableTests.h in Resources */,
			);
			runOnlyForDeploymentPostprocessing = 0;
		};
/* End PBXResourcesBuildPhase section */

/* Begin PBXShellScriptBuildPhase section */
		22291E3D13F51C7C00D9F91D /* ShellScript */ = {
			isa = PBXShellScriptBuildPhase;
			buildActionMask = 2147483647;
			files = (
			);
			inputPaths = (
			);
			outputPaths = (
			);
			runOnlyForDeploymentPostprocessing = 0;
			shellPath = /bin/sh;
			shellScript = "# Run the unit tests in this test bundle.\n\"${SYSTEM_DEVELOPER_DIR}/Tools/RunUnitTests\"\n";
		};
/* End PBXShellScriptBuildPhase section */

/* Begin PBXSourcesBuildPhase section */
		22291E1713F51C7B00D9F91D /* Sources */ = {
			isa = PBXSourcesBuildPhase;
			buildActionMask = 2147483647;
			files = (
				22291E2C13F51C7B00D9F91D /* main.m in Sources */,
				22291E3013F51C7B00D9F91D /* iChessTableAppDelegate.m in Sources */,
				22291E3613F51C7B00D9F91D /* iChessTableViewController.m in Sources */,
				22291E5D13F5211300D9F91D /* ChessGameController.m in Sources */,
				22291E6013F5212800D9F91D /* ChessJudge.m in Sources */,
				22291E6313F5214100D9F91D /* ChessTable.m in Sources */,
				22291E6613F5216000D9F91D /* ChessPiece.m in Sources */,
				22291E6913F5217600D9F91D /* Chess.m in Sources */,
				22291E6C13F5218D00D9F91D /* ChessStep.m in Sources */,
				22291E6F13F521A600D9F91D /* ChessMatrix.m in Sources */,
				22291E7213F521BF00D9F91D /* ChessPlayer.m in Sources */,
				22291E7813F52C0A00D9F91D /* NSString+ChessColor.m in Sources */,
				2282D96F13F56FE3008CA309 /* OthelloRules.m in Sources */,
				2247504113FE0EFB0043E1F4 /* NSArray+ChessHelper.m in Sources */,
				2247504A13FE57750043E1F4 /* ChessViewController.m in Sources */,
				2247504E13FE5DF80043E1F4 /* ChessPieceView.m in Sources */,
				224B6F7B14024FFD0042FDC3 /* GameViewController.m in Sources */,
				224B6F83140250A10042FDC3 /* PlayerControlPanelView.m in Sources */,
				224B6F88140294C70042FDC3 /* ChessTableViewController.m in Sources */,
				2204934214034FF3007CB4AB /* ChessTableView.m in Sources */,
			);
			runOnlyForDeploymentPostprocessing = 0;
		};
		22291E3A13F51C7C00D9F91D /* Sources */ = {
			isa = PBXSourcesBuildPhase;
			buildActionMask = 2147483647;
			files = (
				22291E5013F51C7C00D9F91D /* iChessTableTests.m in Sources */,
			);
			runOnlyForDeploymentPostprocessing = 0;
		};
/* End PBXSourcesBuildPhase section */

/* Begin PBXTargetDependency section */
		22291E4613F51C7C00D9F91D /* PBXTargetDependency */ = {
			isa = PBXTargetDependency;
			target = 22291E1A13F51C7B00D9F91D /* iChessTable */;
			targetProxy = 22291E4513F51C7C00D9F91D /* PBXContainerItemProxy */;
		};
/* End PBXTargetDependency section */

/* Begin PBXVariantGroup section */
		22291E2813F51C7B00D9F91D /* InfoPlist.strings */ = {
			isa = PBXVariantGroup;
			children = (
				22291E2913F51C7B00D9F91D /* en */,
			);
			name = InfoPlist.strings;
			sourceTree = "<group>";
		};
		22291E3113F51C7B00D9F91D /* MainWindow.xib */ = {
			isa = PBXVariantGroup;
			children = (
				22291E3213F51C7B00D9F91D /* en */,
			);
			name = MainWindow.xib;
			sourceTree = "<group>";
		};
		22291E3713F51C7B00D9F91D /* iChessTableViewController.xib */ = {
			isa = PBXVariantGroup;
			children = (
				22291E3813F51C7B00D9F91D /* en */,
			);
			name = iChessTableViewController.xib;
			sourceTree = "<group>";
		};
		22291E4A13F51C7C00D9F91D /* InfoPlist.strings */ = {
			isa = PBXVariantGroup;
			children = (
				22291E4B13F51C7C00D9F91D /* en */,
			);
			name = InfoPlist.strings;
			sourceTree = "<group>";
		};
/* End PBXVariantGroup section */

/* Begin XCBuildConfiguration section */
		22291E5113F51C7C00D9F91D /* Debug */ = {
			isa = XCBuildConfiguration;
			buildSettings = {
				ALWAYS_SEARCH_USER_PATHS = NO;
				ARCHS = "$(ARCHS_UNIVERSAL_IPHONE_OS)";
				"CODE_SIGN_IDENTITY[sdk=iphoneos*]" = "iPhone Developer";
				COPY_PHASE_STRIP = NO;
				GCC_C_LANGUAGE_STANDARD = gnu99;
				GCC_DYNAMIC_NO_PIC = NO;
				GCC_OPTIMIZATION_LEVEL = 0;
				GCC_PREPROCESSOR_DEFINITIONS = (
					"DEBUG=1",
					DEBUG_MODE,
				);
				GCC_SYMBOLS_PRIVATE_EXTERN = NO;
				GCC_VERSION = com.apple.compilers.llvmgcc42;
				GCC_WARN_ABOUT_MISSING_PROTOTYPES = YES;
				GCC_WARN_ABOUT_RETURN_TYPE = YES;
				GCC_WARN_UNUSED_VARIABLE = YES;
				IPHONEOS_DEPLOYMENT_TARGET = 4.3;
				SDKROOT = iphoneos;
				TARGETED_DEVICE_FAMILY = 2;
			};
			name = Debug;
		};
		22291E5213F51C7C00D9F91D /* Release */ = {
			isa = XCBuildConfiguration;
			buildSettings = {
				ALWAYS_SEARCH_USER_PATHS = NO;
				ARCHS = "$(ARCHS_UNIVERSAL_IPHONE_OS)";
				"CODE_SIGN_IDENTITY[sdk=iphoneos*]" = "iPhone Developer";
				COPY_PHASE_STRIP = YES;
				GCC_C_LANGUAGE_STANDARD = gnu99;
				GCC_VERSION = com.apple.compilers.llvmgcc42;
				GCC_WARN_ABOUT_MISSING_PROTOTYPES = YES;
				GCC_WARN_ABOUT_RETURN_TYPE = YES;
				GCC_WARN_UNUSED_VARIABLE = YES;
				IPHONEOS_DEPLOYMENT_TARGET = 4.3;
				OTHER_CFLAGS = "-DNS_BLOCK_ASSERTIONS=1";
				SDKROOT = iphoneos;
				TARGETED_DEVICE_FAMILY = 2;
				VALIDATE_PRODUCT = YES;
			};
			name = Release;
		};
		22291E5413F51C7C00D9F91D /* Debug */ = {
			isa = XCBuildConfiguration;
			buildSettings = {
				GCC_PRECOMPILE_PREFIX_HEADER = YES;
				GCC_PREFIX_HEADER = "iChessTable/iChessTable-Prefix.pch";
				INFOPLIST_FILE = "iChessTable/iChessTable-Info.plist";
				IPHONEOS_DEPLOYMENT_TARGET = 4.3;
				PRODUCT_NAME = "$(TARGET_NAME)";
				WRAPPER_EXTENSION = app;
			};
			name = Debug;
		};
		22291E5513F51C7C00D9F91D /* Release */ = {
			isa = XCBuildConfiguration;
			buildSettings = {
				GCC_PRECOMPILE_PREFIX_HEADER = YES;
				GCC_PREFIX_HEADER = "iChessTable/iChessTable-Prefix.pch";
				INFOPLIST_FILE = "iChessTable/iChessTable-Info.plist";
				IPHONEOS_DEPLOYMENT_TARGET = 4.3;
				PRODUCT_NAME = "$(TARGET_NAME)";
				WRAPPER_EXTENSION = app;
			};
			name = Release;
		};
		22291E5713F51C7C00D9F91D /* Debug */ = {
			isa = XCBuildConfiguration;
			buildSettings = {
				ARCHS = "$(ARCHS_STANDARD_32_BIT)";
				BUNDLE_LOADER = "$(BUILT_PRODUCTS_DIR)/iChessTable.app/iChessTable";
				FRAMEWORK_SEARCH_PATHS = (
					"$(SDKROOT)/Developer/Library/Frameworks",
					"$(DEVELOPER_LIBRARY_DIR)/Frameworks",
				);
				GCC_PRECOMPILE_PREFIX_HEADER = YES;
				GCC_PREFIX_HEADER = "iChessTable/iChessTable-Prefix.pch";
				INFOPLIST_FILE = "iChessTableTests/iChessTableTests-Info.plist";
				PRODUCT_NAME = "$(TARGET_NAME)";
				TEST_HOST = "$(BUNDLE_LOADER)";
				WRAPPER_EXTENSION = octest;
			};
			name = Debug;
		};
		22291E5813F51C7C00D9F91D /* Release */ = {
			isa = XCBuildConfiguration;
			buildSettings = {
				ARCHS = "$(ARCHS_STANDARD_32_BIT)";
				BUNDLE_LOADER = "$(BUILT_PRODUCTS_DIR)/iChessTable.app/iChessTable";
				FRAMEWORK_SEARCH_PATHS = (
					"$(SDKROOT)/Developer/Library/Frameworks",
					"$(DEVELOPER_LIBRARY_DIR)/Frameworks",
				);
				GCC_PRECOMPILE_PREFIX_HEADER = YES;
				GCC_PREFIX_HEADER = "iChessTable/iChessTable-Prefix.pch";
				INFOPLIST_FILE = "iChessTableTests/iChessTableTests-Info.plist";
				PRODUCT_NAME = "$(TARGET_NAME)";
				TEST_HOST = "$(BUNDLE_LOADER)";
				WRAPPER_EXTENSION = octest;
			};
			name = Release;
		};
/* End XCBuildConfiguration section */

/* Begin XCConfigurationList section */
		22291E1513F51C7B00D9F91D /* Build configuration list for PBXProject "iChessTable" */ = {
			isa = XCConfigurationList;
			buildConfigurations = (
				22291E5113F51C7C00D9F91D /* Debug */,
				22291E5213F51C7C00D9F91D /* Release */,
			);
			defaultConfigurationIsVisible = 0;
			defaultConfigurationName = Release;
		};
		22291E5313F51C7C00D9F91D /* Build configuration list for PBXNativeTarget "iChessTable" */ = {
			isa = XCConfigurationList;
			buildConfigurations = (
				22291E5413F51C7C00D9F91D /* Debug */,
				22291E5513F51C7C00D9F91D /* Release */,
			);
			defaultConfigurationIsVisible = 0;
			defaultConfigurationName = Release;
		};
		22291E5613F51C7C00D9F91D /* Build configuration list for PBXNativeTarget "iChessTableTests" */ = {
			isa = XCConfigurationList;
			buildConfigurations = (
				22291E5713F51C7C00D9F91D /* Debug */,
				22291E5813F51C7C00D9F91D /* Release */,
			);
			defaultConfigurationIsVisible = 0;
			defaultConfigurationName = Release;
		};
/* End XCConfigurationList section */
	};
	rootObject = 22291E1213F51C7B00D9F91D /* Project object */;
}
